
Microsoft Visual Studio Solution File, Format Version 12.00
# Visual Studio Version 16
VisualStudioVersion = 16.0.30320.27
MinimumVisualStudioVersion = 10.0.40219.1
Project("{FAE04EC0-301F-11D3-BF4B-00C04F79EFBC}") = "RegistrationAndLogin", "RegistrationAndLogin\RegistrationAndLogin.csproj", "{695DB355-ED74-4D71-9461-74A4AB6C381A}"
EndProject
Global
	GlobalSection(SolutionConfigurationPlatforms) = preSolution
		Debug|Any CPU = Debug|Any CPU
		Release|Any CPU = Release|Any CPU
	EndGlobalSection
	GlobalSection(ProjectConfigurationPlatforms) = postSolution
		{695DB355-ED74-4D71-9461-74A4AB6C381A}.Debug|Any CPU.ActiveCfg = Debug|Any CPU
		{695DB355-ED74-4D71-9461-74A4AB6C381A}.Debug|Any CPU.Build.0 = Debug|Any CPU
		{695DB355-ED74-4D71-9461-74A4AB6C381A}.Release|Any CPU.ActiveCfg = Release|Any CPU
		{695DB355-ED74-4D71-9461-74A4AB6C381A}.Release|Any CPU.Build.0 = Release|Any CPU
	EndGlobalSection
	GlobalSection(SolutionProperties) = preSolution
		HideSolutionNode = FALSE
	EndGlobalSection
	GlobalSection(ExtensibilityGlobals) = postSolution
		SolutionGuid = {73E65184-E4C2-4B34-8DFE-DE0EF8A758CD}
	EndGlobalSection
EndGlobal
